
Microsoft Visual Studio Solution File, Format Version 12.00
# Visual Studio Version 17
VisualStudioVersion = 17.4.33103.184
MinimumVisualStudioVersion = 10.0.40219.1
Project("{FAE04EC0-301F-11D3-BF4B-00C04F79EFBC}") = "MyWebShop.WebSite", "MyWebShop.WebSite\MyWebShop.WebSite.csproj", "{AA5E2501-7F01-48CF-8122-906A0D67F513}"
EndProject
Project("{FAE04EC0-301F-11D3-BF4B-00C04F79EFBC}") = "MyWebShop.API", "MyWebShop.API\MyWebShop.API.csproj", "{C976D746-CF63-4B89-B70E-9C9AE9A132DC}"
EndProject
Project("{FAE04EC0-301F-11D3-BF4B-00C04F79EFBC}") = "MyWebShop.Grpc", "MyWebShop.Grpc\MyWebShop.Grpc.csproj", "{76E74DB7-2DC4-4F51-B459-6D812EC737BA}"
EndProject
Project("{FAE04EC0-301F-11D3-BF4B-00C04F79EFBC}") = "MyWebShop.Library", "MyWebShop.Library\MyWebShop.Library.csproj", "{EA250C6A-F71C-4A18-A64D-4CF76EAAD273}"
EndProject
Global
	GlobalSection(SolutionConfigurationPlatforms) = preSolution
		Debug|Any CPU = Debug|Any CPU
		Release|Any CPU = Release|Any CPU
	EndGlobalSection
	GlobalSection(ProjectConfigurationPlatforms) = postSolution
		{AA5E2501-7F01-48CF-8122-906A0D67F513}.Debug|Any CPU.ActiveCfg = Debug|Any CPU
		{AA5E2501-7F01-48CF-8122-906A0D67F513}.Debug|Any CPU.Build.0 = Debug|Any CPU
		{AA5E2501-7F01-48CF-8122-906A0D67F513}.Release|Any CPU.ActiveCfg = Release|Any CPU
		{AA5E2501-7F01-48CF-8122-906A0D67F513}.Release|Any CPU.Build.0 = Release|Any CPU
		{C976D746-CF63-4B89-B70E-9C9AE9A132DC}.Debug|Any CPU.ActiveCfg = Debug|Any CPU
		{C976D746-CF63-4B89-B70E-9C9AE9A132DC}.Debug|Any CPU.Build.0 = Debug|Any CPU
		{C976D746-CF63-4B89-B70E-9C9AE9A132DC}.Release|Any CPU.ActiveCfg = Release|Any CPU
		{C976D746-CF63-4B89-B70E-9C9AE9A132DC}.Release|Any CPU.Build.0 = Release|Any CPU
		{76E74DB7-2DC4-4F51-B459-6D812EC737BA}.Debug|Any CPU.ActiveCfg = Debug|Any CPU
		{76E74DB7-2DC4-4F51-B459-6D812EC737BA}.Debug|Any CPU.Build.0 = Debug|Any CPU
		{76E74DB7-2DC4-4F51-B459-6D812EC737BA}.Release|Any CPU.ActiveCfg = Release|Any CPU
		{76E74DB7-2DC4-4F51-B459-6D812EC737BA}.Release|Any CPU.Build.0 = Release|Any CPU
		{EA250C6A-F71C-4A18-A64D-4CF76EAAD273}.Debug|Any CPU.ActiveCfg = Debug|Any CPU
		{EA250C6A-F71C-4A18-A64D-4CF76EAAD273}.Debug|Any CPU.Build.0 = Debug|Any CPU
		{EA250C6A-F71C-4A18-A64D-4CF76EAAD273}.Release|Any CPU.ActiveCfg = Release|Any CPU
		{EA250C6A-F71C-4A18-A64D-4CF76EAAD273}.Release|Any CPU.Build.0 = Release|Any CPU
	EndGlobalSection
	GlobalSection(SolutionProperties) = preSolution
		HideSolutionNode = FALSE
	EndGlobalSection
	GlobalSection(ExtensibilityGlobals) = postSolution
		SolutionGuid = {ED9FFECA-95BF-4285-88FB-CFC685955C8C}
	EndGlobalSection
EndGlobal
